// !$*UTF8*$!
{
	archiveVersion = 1;
	classes = {
	};
	objectVersion = 55;
	objects = {

/* Begin PBXBuildFile section */
		BE46E74A281A428400A3D84E /* StoryViewModel.swift in Sources */ = {isa = PBXBuildFile; fileRef = BE46E749281A428400A3D84E /* StoryViewModel.swift */; };
		BE46E74B281A428400A3D84E /* StoryViewModel.swift in Sources */ = {isa = PBXBuildFile; fileRef = BE46E749281A428400A3D84E /* StoryViewModel.swift */; };
		BE46E74D281A63A500A3D84E /* TopStoriesViewModel.swift in Sources */ = {isa = PBXBuildFile; fileRef = BE46E74C281A63A500A3D84E /* TopStoriesViewModel.swift */; };
		BE46E74E281A63A500A3D84E /* TopStoriesViewModel.swift in Sources */ = {isa = PBXBuildFile; fileRef = BE46E74C281A63A500A3D84E /* TopStoriesViewModel.swift */; };
		BE519A4A2819CE14004A8BC9 /* HaxApp.swift in Sources */ = {isa = PBXBuildFile; fileRef = BE519A3A2819CE14004A8BC9 /* HaxApp.swift */; };
		BE519A4B2819CE14004A8BC9 /* HaxApp.swift in Sources */ = {isa = PBXBuildFile; fileRef = BE519A3A2819CE14004A8BC9 /* HaxApp.swift */; };
		BE519A4C2819CE14004A8BC9 /* ContentView.swift in Sources */ = {isa = PBXBuildFile; fileRef = BE519A3B2819CE14004A8BC9 /* ContentView.swift */; };
		BE519A4D2819CE14004A8BC9 /* ContentView.swift in Sources */ = {isa = PBXBuildFile; fileRef = BE519A3B2819CE14004A8BC9 /* ContentView.swift */; };
		BE519A4E2819CE14004A8BC9 /* Assets.xcassets in Resources */ = {isa = PBXBuildFile; fileRef = BE519A3C2819CE14004A8BC9 /* Assets.xcassets */; };
		BE519A4F2819CE14004A8BC9 /* Assets.xcassets in Resources */ = {isa = PBXBuildFile; fileRef = BE519A3C2819CE14004A8BC9 /* Assets.xcassets */; };
		BE519A5A2819CE4A004A8BC9 /* API.swift in Sources */ = {isa = PBXBuildFile; fileRef = BE519A592819CE4A004A8BC9 /* API.swift */; };
		BE519A5B2819CE4A004A8BC9 /* API.swift in Sources */ = {isa = PBXBuildFile; fileRef = BE519A592819CE4A004A8BC9 /* API.swift */; };
		BE519A5D2819D30A004A8BC9 /* Story.swift in Sources */ = {isa = PBXBuildFile; fileRef = BE519A5C2819D30A004A8BC9 /* Story.swift */; };
		BE519A5E2819D30A004A8BC9 /* Story.swift in Sources */ = {isa = PBXBuildFile; fileRef = BE519A5C2819D30A004A8BC9 /* Story.swift */; };
		BE519A622819DA4E004A8BC9 /* BestStoriesViewModel.swift in Sources */ = {isa = PBXBuildFile; fileRef = BE519A612819DA4E004A8BC9 /* BestStoriesViewModel.swift */; };
		BE519A632819DA4E004A8BC9 /* BestStoriesViewModel.swift in Sources */ = {isa = PBXBuildFile; fileRef = BE519A612819DA4E004A8BC9 /* BestStoriesViewModel.swift */; };
		BE519A652819DDB8004A8BC9 /* HaxViewer.swift in Sources */ = {isa = PBXBuildFile; fileRef = BE519A642819DDB8004A8BC9 /* HaxViewer.swift */; };
		BE519A662819DDB8004A8BC9 /* HaxViewer.swift in Sources */ = {isa = PBXBuildFile; fileRef = BE519A642819DDB8004A8BC9 /* HaxViewer.swift */; };
		BE519A692819DF00004A8BC9 /* StoriesView.swift in Sources */ = {isa = PBXBuildFile; fileRef = BE519A682819DF00004A8BC9 /* StoriesView.swift */; };
		BE519A6A2819DF00004A8BC9 /* StoriesView.swift in Sources */ = {isa = PBXBuildFile; fileRef = BE519A682819DF00004A8BC9 /* StoriesView.swift */; };
		BED5F926281A1666007775C0 /* StoryDetailView.swift in Sources */ = {isa = PBXBuildFile; fileRef = BED5F925281A1666007775C0 /* StoryDetailView.swift */; };
		BED5F927281A1666007775C0 /* StoryDetailView.swift in Sources */ = {isa = PBXBuildFile; fileRef = BED5F925281A1666007775C0 /* StoryDetailView.swift */; };
		BED5F929281A2195007775C0 /* Comment.swift in Sources */ = {isa = PBXBuildFile; fileRef = BED5F928281A2195007775C0 /* Comment.swift */; };
		BED5F92A281A2195007775C0 /* Comment.swift in Sources */ = {isa = PBXBuildFile; fileRef = BED5F928281A2195007775C0 /* Comment.swift */; };
/* End PBXBuildFile section */

/* Begin PBXFileReference section */
		BE46E749281A428400A3D84E /* StoryViewModel.swift */ = {isa = PBXFileReference; lastKnownFileType = sourcecode.swift; path = StoryViewModel.swift; sourceTree = "<group>"; };
		BE46E74C281A63A500A3D84E /* TopStoriesViewModel.swift */ = {isa = PBXFileReference; lastKnownFileType = sourcecode.swift; path = TopStoriesViewModel.swift; sourceTree = "<group>"; };
		BE519A3A2819CE14004A8BC9 /* HaxApp.swift */ = {isa = PBXFileReference; lastKnownFileType = sourcecode.swift; path = HaxApp.swift; sourceTree = "<group>"; };
		BE519A3B2819CE14004A8BC9 /* ContentView.swift */ = {isa = PBXFileReference; lastKnownFileType = sourcecode.swift; path = ContentView.swift; sourceTree = "<group>"; };
		BE519A3C2819CE14004A8BC9 /* Assets.xcassets */ = {isa = PBXFileReference; lastKnownFileType = folder.assetcatalog; path = Assets.xcassets; sourceTree = "<group>"; };
		BE519A412819CE14004A8BC9 /* Hax.app */ = {isa = PBXFileReference; explicitFileType = wrapper.application; includeInIndex = 0; path = Hax.app; sourceTree = BUILT_PRODUCTS_DIR; };
		BE519A472819CE14004A8BC9 /* Hax.app */ = {isa = PBXFileReference; explicitFileType = wrapper.application; includeInIndex = 0; path = Hax.app; sourceTree = BUILT_PRODUCTS_DIR; };
		BE519A492819CE14004A8BC9 /* macOS.entitlements */ = {isa = PBXFileReference; lastKnownFileType = text.plist.entitlements; path = macOS.entitlements; sourceTree = "<group>"; };
		BE519A592819CE4A004A8BC9 /* API.swift */ = {isa = PBXFileReference; lastKnownFileType = sourcecode.swift; path = API.swift; sourceTree = "<group>"; };
		BE519A5C2819D30A004A8BC9 /* Story.swift */ = {isa = PBXFileReference; lastKnownFileType = sourcecode.swift; path = Story.swift; sourceTree = "<group>"; };
		BE519A612819DA4E004A8BC9 /* BestStoriesViewModel.swift */ = {isa = PBXFileReference; lastKnownFileType = sourcecode.swift; path = BestStoriesViewModel.swift; sourceTree = "<group>"; };
		BE519A642819DDB8004A8BC9 /* HaxViewer.swift */ = {isa = PBXFileReference; lastKnownFileType = sourcecode.swift; path = HaxViewer.swift; sourceTree = "<group>"; };
		BE519A682819DF00004A8BC9 /* StoriesView.swift */ = {isa = PBXFileReference; lastKnownFileType = sourcecode.swift; path = StoriesView.swift; sourceTree = "<group>"; };
		BED5F925281A1666007775C0 /* StoryDetailView.swift */ = {isa = PBXFileReference; lastKnownFileType = sourcecode.swift; path = StoryDetailView.swift; sourceTree = "<group>"; };
		BED5F928281A2195007775C0 /* Comment.swift */ = {isa = PBXFileReference; lastKnownFileType = sourcecode.swift; path = Comment.swift; sourceTree = "<group>"; };
/* End PBXFileReference section */

/* Begin PBXFrameworksBuildPhase section */
		BE519A3E2819CE14004A8BC9 /* Frameworks */ = {
			isa = PBXFrameworksBuildPhase;
			buildActionMask = 2147483647;
			files = (
			);
			runOnlyForDeploymentPostprocessing = 0;
		};
		BE519A442819CE14004A8BC9 /* Frameworks */ = {
			isa = PBXFrameworksBuildPhase;
			buildActionMask = 2147483647;
			files = (
			);
			runOnlyForDeploymentPostprocessing = 0;
		};
/* End PBXFrameworksBuildPhase section */

/* Begin PBXGroup section */
		BE519A342819CE14004A8BC9 = {
			isa = PBXGroup;
			children = (
				BE519A392819CE14004A8BC9 /* Shared */,
				BE519A482819CE14004A8BC9 /* macOS */,
				BE519A422819CE14004A8BC9 /* Products */,
			);
			sourceTree = "<group>";
		};
		BE519A392819CE14004A8BC9 /* Shared */ = {
			isa = PBXGroup;
			children = (
				BE519A672819DEE6004A8BC9 /* Views */,
				BE519A602819DA35004A8BC9 /* ViewModels */,
				BE519A5F2819D30D004A8BC9 /* Models */,
				BE519A582819CE23004A8BC9 /* Services */,
				BE519A3A2819CE14004A8BC9 /* HaxApp.swift */,
				BE519A3B2819CE14004A8BC9 /* ContentView.swift */,
				BE519A3C2819CE14004A8BC9 /* Assets.xcassets */,
			);
			path = Shared;
			sourceTree = "<group>";
		};
		BE519A422819CE14004A8BC9 /* Products */ = {
			isa = PBXGroup;
			children = (
				BE519A412819CE14004A8BC9 /* Hax.app */,
				BE519A472819CE14004A8BC9 /* Hax.app */,
			);
			name = Products;
			sourceTree = "<group>";
		};
		BE519A482819CE14004A8BC9 /* macOS */ = {
			isa = PBXGroup;
			children = (
				BE519A492819CE14004A8BC9 /* macOS.entitlements */,
				BE519A642819DDB8004A8BC9 /* HaxViewer.swift */,
			);
			path = macOS;
			sourceTree = "<group>";
		};
		BE519A582819CE23004A8BC9 /* Services */ = {
			isa = PBXGroup;
			children = (
				BE519A592819CE4A004A8BC9 /* API.swift */,
			);
			path = Services;
			sourceTree = "<group>";
		};
		BE519A5F2819D30D004A8BC9 /* Models */ = {
			isa = PBXGroup;
			children = (
				BE519A5C2819D30A004A8BC9 /* Story.swift */,
				BED5F928281A2195007775C0 /* Comment.swift */,
			);
			path = Models;
			sourceTree = "<group>";
		};
		BE519A602819DA35004A8BC9 /* ViewModels */ = {
			isa = PBXGroup;
			children = (
				BE519A612819DA4E004A8BC9 /* BestStoriesViewModel.swift */,
				BE46E749281A428400A3D84E /* StoryViewModel.swift */,
				BE46E74C281A63A500A3D84E /* TopStoriesViewModel.swift */,
			);
			path = ViewModels;
			sourceTree = "<group>";
		};
		BE519A672819DEE6004A8BC9 /* Views */ = {
			isa = PBXGroup;
			children = (
				BE519A682819DF00004A8BC9 /* StoriesView.swift */,
				BED5F925281A1666007775C0 /* StoryDetailView.swift */,
			);
			path = Views;
			sourceTree = "<group>";
		};
/* End PBXGroup section */

/* Begin PBXNativeTarget section */
		BE519A402819CE14004A8BC9 /* Hax (iOS) */ = {
			isa = PBXNativeTarget;
			buildConfigurationList = BE519A522819CE14004A8BC9 /* Build configuration list for PBXNativeTarget "Hax (iOS)" */;
			buildPhases = (
				BE519A3D2819CE14004A8BC9 /* Sources */,
				BE519A3E2819CE14004A8BC9 /* Frameworks */,
				BE519A3F2819CE14004A8BC9 /* Resources */,
			);
			buildRules = (
			);
			dependencies = (
			);
			name = "Hax (iOS)";
			productName = "Hax (iOS)";
			productReference = BE519A412819CE14004A8BC9 /* Hax.app */;
			productType = "com.apple.product-type.application";
		};
		BE519A462819CE14004A8BC9 /* Hax (macOS) */ = {
			isa = PBXNativeTarget;
			buildConfigurationList = BE519A552819CE14004A8BC9 /* Build configuration list for PBXNativeTarget "Hax (macOS)" */;
			buildPhases = (
				BE519A432819CE14004A8BC9 /* Sources */,
				BE519A442819CE14004A8BC9 /* Frameworks */,
				BE519A452819CE14004A8BC9 /* Resources */,
			);
			buildRules = (
			);
			dependencies = (
			);
			name = "Hax (macOS)";
			productName = "Hax (macOS)";
			productReference = BE519A472819CE14004A8BC9 /* Hax.app */;
			productType = "com.apple.product-type.application";
		};
/* End PBXNativeTarget section */

/* Begin PBXProject section */
		BE519A352819CE14004A8BC9 /* Project object */ = {
			isa = PBXProject;
			attributes = {
				BuildIndependentTargetsInParallel = 1;
				LastSwiftUpdateCheck = 1330;
				LastUpgradeCheck = 1330;
				TargetAttributes = {
					BE519A402819CE14004A8BC9 = {
						CreatedOnToolsVersion = 13.3.1;
					};
					BE519A462819CE14004A8BC9 = {
						CreatedOnToolsVersion = 13.3.1;
					};
				};
			};
			buildConfigurationList = BE519A382819CE14004A8BC9 /* Build configuration list for PBXProject "Hax" */;
			compatibilityVersion = "Xcode 13.0";
			developmentRegion = en;
			hasScannedForEncodings = 0;
			knownRegions = (
				en,
				Base,
			);
			mainGroup = BE519A342819CE14004A8BC9;
			productRefGroup = BE519A422819CE14004A8BC9 /* Products */;
			projectDirPath = "";
			projectRoot = "";
			targets = (
				BE519A402819CE14004A8BC9 /* Hax (iOS) */,
				BE519A462819CE14004A8BC9 /* Hax (macOS) */,
			);
		};
/* End PBXProject section */

/* Begin PBXResourcesBuildPhase section */
		BE519A3F2819CE14004A8BC9 /* Resources */ = {
			isa = PBXResourcesBuildPhase;
			buildActionMask = 2147483647;
			files = (
				BE519A4E2819CE14004A8BC9 /* Assets.xcassets in Resources */,
			);
			runOnlyForDeploymentPostprocessing = 0;
		};
		BE519A452819CE14004A8BC9 /* Resources */ = {
			isa = PBXResourcesBuildPhase;
			buildActionMask = 2147483647;
			files = (
				BE519A4F2819CE14004A8BC9 /* Assets.xcassets in Resources */,
			);
			runOnlyForDeploymentPostprocessing = 0;
		};
/* End PBXResourcesBuildPhase section */

/* Begin PBXSourcesBuildPhase section */
		BE519A3D2819CE14004A8BC9 /* Sources */ = {
			isa = PBXSourcesBuildPhase;
			buildActionMask = 2147483647;
			files = (
				BE519A692819DF00004A8BC9 /* StoriesView.swift in Sources */,
				BE519A4C2819CE14004A8BC9 /* ContentView.swift in Sources */,
				BE519A5A2819CE4A004A8BC9 /* API.swift in Sources */,
				BE519A4A2819CE14004A8BC9 /* HaxApp.swift in Sources */,
				BE519A622819DA4E004A8BC9 /* BestStoriesViewModel.swift in Sources */,
				BE519A5D2819D30A004A8BC9 /* Story.swift in Sources */,
				BE46E74D281A63A500A3D84E /* TopStoriesViewModel.swift in Sources */,
				BE519A652819DDB8004A8BC9 /* HaxViewer.swift in Sources */,
				BED5F929281A2195007775C0 /* Comment.swift in Sources */,
				BE46E74A281A428400A3D84E /* StoryViewModel.swift in Sources */,
				BED5F926281A1666007775C0 /* StoryDetailView.swift in Sources */,
			);
			runOnlyForDeploymentPostprocessing = 0;
		};
		BE519A432819CE14004A8BC9 /* Sources */ = {
			isa = PBXSourcesBuildPhase;
			buildActionMask = 2147483647;
			files = (
				BE519A6A2819DF00004A8BC9 /* StoriesView.swift in Sources */,
				BE519A4D2819CE14004A8BC9 /* ContentView.swift in Sources */,
				BE519A5B2819CE4A004A8BC9 /* API.swift in Sources */,
				BE519A4B2819CE14004A8BC9 /* HaxApp.swift in Sources */,
				BE519A632819DA4E004A8BC9 /* BestStoriesViewModel.swift in Sources */,
				BE519A5E2819D30A004A8BC9 /* Story.swift in Sources */,
				BE46E74E281A63A500A3D84E /* TopStoriesViewModel.swift in Sources */,
				BE519A662819DDB8004A8BC9 /* HaxViewer.swift in Sources */,
				BED5F92A281A2195007775C0 /* Comment.swift in Sources */,
				BE46E74B281A428400A3D84E /* StoryViewModel.swift in Sources */,
				BED5F927281A1666007775C0 /* StoryDetailView.swift in Sources */,
			);
			runOnlyForDeploymentPostprocessing = 0;
		};
/* End PBXSourcesBuildPhase section */

/* Begin XCBuildConfiguration section */
		BE519A502819CE14004A8BC9 /* Debug */ = {
			isa = XCBuildConfiguration;
			buildSettings = {
				ALWAYS_SEARCH_USER_PATHS = NO;
				CLANG_ANALYZER_NONNULL = YES;
				CLANG_ANALYZER_NUMBER_OBJECT_CONVERSION = YES_AGGRESSIVE;
				CLANG_CXX_LANGUAGE_STANDARD = "gnu++17";
				CLANG_ENABLE_MODULES = YES;
				CLANG_ENABLE_OBJC_ARC = YES;
				CLANG_ENABLE_OBJC_WEAK = YES;
				CLANG_WARN_BLOCK_CAPTURE_AUTORELEASING = YES;
				CLANG_WARN_BOOL_CONVERSION = YES;
				CLANG_WARN_COMMA = YES;
				CLANG_WARN_CONSTANT_CONVERSION = YES;
				CLANG_WARN_DEPRECATED_OBJC_IMPLEMENTATIONS = YES;
				CLANG_WARN_DIRECT_OBJC_ISA_USAGE = YES_ERROR;
				CLANG_WARN_DOCUMENTATION_COMMENTS = YES;
				CLANG_WARN_EMPTY_BODY = YES;
				CLANG_WARN_ENUM_CONVERSION = YES;
				CLANG_WARN_INFINITE_RECURSION = YES;
				CLANG_WARN_INT_CONVERSION = YES;
				CLANG_WARN_NON_LITERAL_NULL_CONVERSION = YES;
				CLANG_WARN_OBJC_IMPLICIT_RETAIN_SELF = YES;
				CLANG_WARN_OBJC_LITERAL_CONVERSION = YES;
				CLANG_WARN_OBJC_ROOT_CLASS = YES_ERROR;
				CLANG_WARN_QUOTED_INCLUDE_IN_FRAMEWORK_HEADER = YES;
				CLANG_WARN_RANGE_LOOP_ANALYSIS = YES;
				CLANG_WARN_STRICT_PROTOTYPES = YES;
				CLANG_WARN_SUSPICIOUS_MOVE = YES;
				CLANG_WARN_UNGUARDED_AVAILABILITY = YES_AGGRESSIVE;
				CLANG_WARN_UNREACHABLE_CODE = YES;
				CLANG_WARN__DUPLICATE_METHOD_MATCH = YES;
				COPY_PHASE_STRIP = NO;
				DEBUG_INFORMATION_FORMAT = dwarf;
				ENABLE_STRICT_OBJC_MSGSEND = YES;
				ENABLE_TESTABILITY = YES;
				GCC_C_LANGUAGE_STANDARD = gnu11;
				GCC_DYNAMIC_NO_PIC = NO;
				GCC_NO_COMMON_BLOCKS = YES;
				GCC_OPTIMIZATION_LEVEL = 0;
				GCC_PREPROCESSOR_DEFINITIONS = (
					"DEBUG=1",
					"$(inherited)",
				);
				GCC_WARN_64_TO_32_BIT_CONVERSION = YES;
				GCC_WARN_ABOUT_RETURN_TYPE = YES_ERROR;
				GCC_WARN_UNDECLARED_SELECTOR = YES;
				GCC_WARN_UNINITIALIZED_AUTOS = YES_AGGRESSIVE;
				GCC_WARN_UNUSED_FUNCTION = YES;
				GCC_WARN_UNUSED_VARIABLE = YES;
				MTL_ENABLE_DEBUG_INFO = INCLUDE_SOURCE;
				MTL_FAST_MATH = YES;
				ONLY_ACTIVE_ARCH = YES;
				SWIFT_ACTIVE_COMPILATION_CONDITIONS = DEBUG;
				SWIFT_OPTIMIZATION_LEVEL = "-Onone";
			};
			name = Debug;
		};
		BE519A512819CE14004A8BC9 /* Release */ = {
			isa = XCBuildConfiguration;
			buildSettings = {
				ALWAYS_SEARCH_USER_PATHS = NO;
				CLANG_ANALYZER_NONNULL = YES;
				CLANG_ANALYZER_NUMBER_OBJECT_CONVERSION = YES_AGGRESSIVE;
				CLANG_CXX_LANGUAGE_STANDARD = "gnu++17";
				CLANG_ENABLE_MODULES = YES;
				CLANG_ENABLE_OBJC_ARC = YES;
				CLANG_ENABLE_OBJC_WEAK = YES;
				CLANG_WARN_BLOCK_CAPTURE_AUTORELEASING = YES;
				CLANG_WARN_BOOL_CONVERSION = YES;
				CLANG_WARN_COMMA = YES;
				CLANG_WARN_CONSTANT_CONVERSION = YES;
				CLANG_WARN_DEPRECATED_OBJC_IMPLEMENTATIONS = YES;
				CLANG_WARN_DIRECT_OBJC_ISA_USAGE = YES_ERROR;
				CLANG_WARN_DOCUMENTATION_COMMENTS = YES;
				CLANG_WARN_EMPTY_BODY = YES;
				CLANG_WARN_ENUM_CONVERSION = YES;
				CLANG_WARN_INFINITE_RECURSION = YES;
				CLANG_WARN_INT_CONVERSION = YES;
				CLANG_WARN_NON_LITERAL_NULL_CONVERSION = YES;
				CLANG_WARN_OBJC_IMPLICIT_RETAIN_SELF = YES;
				CLANG_WARN_OBJC_LITERAL_CONVERSION = YES;
				CLANG_WARN_OBJC_ROOT_CLASS = YES_ERROR;
				CLANG_WARN_QUOTED_INCLUDE_IN_FRAMEWORK_HEADER = YES;
				CLANG_WARN_RANGE_LOOP_ANALYSIS = YES;
				CLANG_WARN_STRICT_PROTOTYPES = YES;
				CLANG_WARN_SUSPICIOUS_MOVE = YES;
				CLANG_WARN_UNGUARDED_AVAILABILITY = YES_AGGRESSIVE;
				CLANG_WARN_UNREACHABLE_CODE = YES;
				CLANG_WARN__DUPLICATE_METHOD_MATCH = YES;
				COPY_PHASE_STRIP = NO;
				DEBUG_INFORMATION_FORMAT = "dwarf-with-dsym";
				ENABLE_NS_ASSERTIONS = NO;
				ENABLE_STRICT_OBJC_MSGSEND = YES;
				GCC_C_LANGUAGE_STANDARD = gnu11;
				GCC_NO_COMMON_BLOCKS = YES;
				GCC_WARN_64_TO_32_BIT_CONVERSION = YES;
				GCC_WARN_ABOUT_RETURN_TYPE = YES_ERROR;
				GCC_WARN_UNDECLARED_SELECTOR = YES;
				GCC_WARN_UNINITIALIZED_AUTOS = YES_AGGRESSIVE;
				GCC_WARN_UNUSED_FUNCTION = YES;
				GCC_WARN_UNUSED_VARIABLE = YES;
				MTL_ENABLE_DEBUG_INFO = NO;
				MTL_FAST_MATH = YES;
				SWIFT_COMPILATION_MODE = wholemodule;
				SWIFT_OPTIMIZATION_LEVEL = "-O";
			};
			name = Release;
		};
		BE519A532819CE14004A8BC9 /* Debug */ = {
			isa = XCBuildConfiguration;
			buildSettings = {
				ASSETCATALOG_COMPILER_APPICON_NAME = AppIcon;
				ASSETCATALOG_COMPILER_GLOBAL_ACCENT_COLOR_NAME = AccentColor;
				CODE_SIGN_STYLE = Automatic;
				CURRENT_PROJECT_VERSION = 1;
				DEVELOPMENT_TEAM = 7QBR6L4T36;
				ENABLE_PREVIEWS = YES;
				GENERATE_INFOPLIST_FILE = YES;
				INFOPLIST_KEY_UIApplicationSceneManifest_Generation = YES;
				INFOPLIST_KEY_UIApplicationSupportsIndirectInputEvents = YES;
				INFOPLIST_KEY_UILaunchScreen_Generation = YES;
				INFOPLIST_KEY_UISupportedInterfaceOrientations_iPad = "UIInterfaceOrientationPortrait UIInterfaceOrientationPortraitUpsideDown UIInterfaceOrientationLandscapeLeft UIInterfaceOrientationLandscapeRight";
				INFOPLIST_KEY_UISupportedInterfaceOrientations_iPhone = "UIInterfaceOrientationPortrait UIInterfaceOrientationLandscapeLeft UIInterfaceOrientationLandscapeRight";
				IPHONEOS_DEPLOYMENT_TARGET = 15.4;
				LD_RUNPATH_SEARCH_PATHS = (
					"$(inherited)",
					"@executable_path/Frameworks",
				);
				MARKETING_VERSION = 1.0;
				PRODUCT_BUNDLE_IDENTIFIER = com.jmanuelzaragoza.Hax;
				PRODUCT_NAME = Hax;
				SDKROOT = iphoneos;
				SWIFT_EMIT_LOC_STRINGS = YES;
				SWIFT_VERSION = 5.0;
				TARGETED_DEVICE_FAMILY = "1,2";
			};
			name = Debug;
		};
		BE519A542819CE14004A8BC9 /* Release */ = {
			isa = XCBuildConfiguration;
			buildSettings = {
				ASSETCATALOG_COMPILER_APPICON_NAME = AppIcon;
				ASSETCATALOG_COMPILER_GLOBAL_ACCENT_COLOR_NAME = AccentColor;
				CODE_SIGN_STYLE = Automatic;
				CURRENT_PROJECT_VERSION = 1;
				DEVELOPMENT_TEAM = 7QBR6L4T36;
				ENABLE_PREVIEWS = YES;
				GENERATE_INFOPLIST_FILE = YES;
				INFOPLIST_KEY_UIApplicationSceneManifest_Generation = YES;
				INFOPLIST_KEY_UIApplicationSupportsIndirectInputEvents = YES;
				INFOPLIST_KEY_UILaunchScreen_Generation = YES;
				INFOPLIST_KEY_UISupportedInterfaceOrientations_iPad = "UIInterfaceOrientationPortrait UIInterfaceOrientationPortraitUpsideDown UIInterfaceOrientationLandscapeLeft UIInterfaceOrientationLandscapeRight";
				INFOPLIST_KEY_UISupportedInterfaceOrientations_iPhone = "UIInterfaceOrientationPortrait UIInterfaceOrientationLandscapeLeft UIInterfaceOrientationLandscapeRight";
				IPHONEOS_DEPLOYMENT_TARGET = 15.4;
				LD_RUNPATH_SEARCH_PATHS = (
					"$(inherited)",
					"@executable_path/Frameworks",
				);
				MARKETING_VERSION = 1.0;
				PRODUCT_BUNDLE_IDENTIFIER = com.jmanuelzaragoza.Hax;
				PRODUCT_NAME = Hax;
				SDKROOT = iphoneos;
				SWIFT_EMIT_LOC_STRINGS = YES;
				SWIFT_VERSION = 5.0;
				TARGETED_DEVICE_FAMILY = "1,2";
				VALIDATE_PRODUCT = YES;
			};
			name = Release;
		};
		BE519A562819CE14004A8BC9 /* Debug */ = {
			isa = XCBuildConfiguration;
			buildSettings = {
				ASSETCATALOG_COMPILER_APPICON_NAME = AppIcon;
				ASSETCATALOG_COMPILER_GLOBAL_ACCENT_COLOR_NAME = AccentColor;
				CODE_SIGN_ENTITLEMENTS = macOS/macOS.entitlements;
				CODE_SIGN_STYLE = Automatic;
				COMBINE_HIDPI_IMAGES = YES;
				CURRENT_PROJECT_VERSION = 1;
				DEVELOPMENT_TEAM = 7QBR6L4T36;
				ENABLE_HARDENED_RUNTIME = YES;
				ENABLE_PREVIEWS = YES;
				GENERATE_INFOPLIST_FILE = YES;
				INFOPLIST_KEY_NSHumanReadableCopyright = "";
				LD_RUNPATH_SEARCH_PATHS = (
					"$(inherited)",
					"@executable_path/../Frameworks",
				);
				MACOSX_DEPLOYMENT_TARGET = 12.3;
				MARKETING_VERSION = 1.0;
				PRODUCT_BUNDLE_IDENTIFIER = com.jmanuelzaragoza.Hax;
				PRODUCT_NAME = Hax;
				SDKROOT = macosx;
				SWIFT_EMIT_LOC_STRINGS = YES;
				SWIFT_VERSION = 5.0;
			};
			name = Debug;
		};
		BE519A572819CE14004A8BC9 /* Release */ = {
			isa = XCBuildConfiguration;
			buildSettings = {
				ASSETCATALOG_COMPILER_APPICON_NAME = AppIcon;
				ASSETCATALOG_COMPILER_GLOBAL_ACCENT_COLOR_NAME = AccentColor;
				CODE_SIGN_ENTITLEMENTS = macOS/macOS.entitlements;
				CODE_SIGN_STYLE = Automatic;
				COMBINE_HIDPI_IMAGES = YES;
				CURRENT_PROJECT_VERSION = 1;
				DEVELOPMENT_TEAM = 7QBR6L4T36;
				ENABLE_HARDENED_RUNTIME = YES;
				ENABLE_PREVIEWS = YES;
				GENERATE_INFOPLIST_FILE = YES;
				INFOPLIST_KEY_NSHumanReadableCopyright = "";
				LD_RUNPATH_SEARCH_PATHS = (
					"$(inherited)",
					"@executable_path/../Frameworks",
				);
				MACOSX_DEPLOYMENT_TARGET = 12.3;
				MARKETING_VERSION = 1.0;
				PRODUCT_BUNDLE_IDENTIFIER = com.jmanuelzaragoza.Hax;
				PRODUCT_NAME = Hax;
				SDKROOT = macosx;
				SWIFT_EMIT_LOC_STRINGS = YES;
				SWIFT_VERSION = 5.0;
			};
			name = Release;
		};
/* End XCBuildConfiguration section */

/* Begin XCConfigurationList section */
		BE519A382819CE14004A8BC9 /* Build configuration list for PBXProject "Hax" */ = {
			isa = XCConfigurationList;
			buildConfigurations = (
				BE519A502819CE14004A8BC9 /* Debug */,
				BE519A512819CE14004A8BC9 /* Release */,
			);
			defaultConfigurationIsVisible = 0;
			defaultConfigurationName = Release;
		};
		BE519A522819CE14004A8BC9 /* Build configuration list for PBXNativeTarget "Hax (iOS)" */ = {
			isa = XCConfigurationList;
			buildConfigurations = (
				BE519A532819CE14004A8BC9 /* Debug */,
				BE519A542819CE14004A8BC9 /* Release */,
			);
			defaultConfigurationIsVisible = 0;
			defaultConfigurationName = Release;
		};
		BE519A552819CE14004A8BC9 /* Build configuration list for PBXNativeTarget "Hax (macOS)" */ = {
			isa = XCConfigurationList;
			buildConfigurations = (
				BE519A562819CE14004A8BC9 /* Debug */,
				BE519A572819CE14004A8BC9 /* Release */,
			);
			defaultConfigurationIsVisible = 0;
			defaultConfigurationName = Release;
		};
/* End XCConfigurationList section */
	};
	rootObject = BE519A352819CE14004A8BC9 /* Project object */;
}
